{
  "name": "one-to-one",
  "version": "1.0.0",
  "lockfileVersion": 3,
  "requires": true,
  "packages": {
    "": {
      "name": "one-to-one",
      "version": "1.0.0",
      "dependencies": {
        "node-datachannel": "^0.33.2"
      }
    },
    "node_modules/@node-datachannel/android-arm64": {
      "version": "0.33.2",
      "resolved": "https://registry.npmjs.org/@node-datachannel/android-arm64/-/android-arm64-0.33.2.tgz",
      "integrity": "sha512-I71a0jICUNYgh4ZI5AcINEMuRtQSVyrpp4FV3kJZMcx31xS0vKKtf06tpsUAtW5uS+uRXbZR+vlMEqS1h710wQ==",
      "cpu": [
        "arm64"
      ],
      "license": "MPL 2.0",
      "optional": true,
      "os": [
        "android"
      ]
    },
    "node_modules/@node-datachannel/darwin-arm64": {
      "version": "0.33.2",
      "resolved": "https://registry.npmjs.org/@node-datachannel/darwin-arm64/-/darwin-arm64-0.33.2.tgz",
      "integrity": "sha512-EwBGiaMh3MX6zjYoZHuK02Q6hmQQIvR39335Kb/ZnP3fXZU0/VWx6ksHLM6K0XFFYRfP+yJeVgU79g++xoeQpw==",
      "cpu": [
        "arm64"
      ],
      "license": "MPL 2.0",
      "optional": true,
      "os": [
        "darwin"
      ]
    },
    "node_modules/@node-datachannel/darwin-x64": {
      "version": "0.33.2",
      "resolved": "https://registry.npmjs.org/@node-datachannel/darwin-x64/-/darwin-x64-0.33.2.tgz",
      "integrity": "sha512-a1nvL6MiskSjV3TWTNXdVpI/2kHNIOP2AbuBZjR5eC7VSrH/6hCFfHIBW4SFKXGFm8LOGliY9Df10UnJUutjwA==",
      "cpu": [
        "x64"
      ],
      "license": "MPL 2.0",
      "optional": true,
      "os": [
        "darwin"
      ]
    },
    "node_modules/@node-datachannel/linux-arm64-gnu": {
      "version": "0.33.2",
      "resolved": "https://registry.npmjs.org/@node-datachannel/linux-arm64-gnu/-/linux-arm64-gnu-0.33.2.tgz",
      "integrity": "sha512-YWAu3EiMl2HRi/fwWlfFTW30wFTkRVYJWRHQcI1uDSeZYG/tfyBqBy6CRy9Sgrb0xjOYZ6XhLDj8cdX0foPlpg==",
      "cpu": [
        "arm64"
      ],
      "libc": [
        "glibc"
      ],
      "license": "MPL 2.0",
      "optional": true,
      "os": [
        "linux"
      ]
    },
    "node_modules/@node-datachannel/linux-arm64-musl": {
      "version": "0.33.2",
      "resolved": "https://registry.npmjs.org/@node-datachannel/linux-arm64-musl/-/linux-arm64-musl-0.33.2.tgz",
      "integrity": "sha512-16o3Ny5hbxTTjDmhsZog/t7p2tRP6s/Oa/V9kKzZfiGlCqvxxCE4ACOWw/MWHOhN0xI9/63IIRfrrnQnPxjK8g==",
      "cpu": [
        "arm64"
      ],
      "libc": [
        "musl"
      ],
      "license": "MPL 2.0",
      "optional": true,
      "os": [
        "linux"
      ]
    },
    "node_modules/@node-datachannel/linux-x64-gnu": {
      "version": "0.33.2",
      "resolved": "https://registry.npmjs.org/@node-datachannel/linux-x64-gnu/-/linux-x64-gnu-0.33.2.tgz",
      "integrity": "sha512-grLRAbZgSIX8nmObciblyCmnevDCst0snhV+z1fvDmUlzXIVXeDmv6lEzAaWs3KRleagqwSsFg5d1td1bwMT9w==",
      "cpu": [
        "x64"
      ],
      "libc": [
        "glibc"
      ],
      "license": "MPL 2.0",
      "optional": true,
      "os": [
        "linux"
      ]
    },
    "node_modules/@node-datachannel/linux-x64-musl": {
      "version": "0.33.2",
      "resolved": "https://registry.npmjs.org/@node-datachannel/linux-x64-musl/-/linux-x64-musl-0.33.2.tgz",
      "integrity": "sha512-PlpgvYjo+gmBhIkRFaZWIhCF335FMTJmCpl+FVa4XliEgyOqD+cvjQPWcbnlrA2Jd+QnLiZt+NxT7nv4QXpoiQ==",
      "cpu": [
        "x64"
      ],
      "libc": [
        "musl"
      ],
      "license": "MPL 2.0",
      "optional": true,
      "os": [
        "linux"
      ]
    },
    "node_modules/@node-datachannel/win32-arm64-msvc": {
      "version": "0.33.2",
      "resolved": "https://registry.npmjs.org/@node-datachannel/win32-arm64-msvc/-/win32-arm64-msvc-0.33.2.tgz",
      "integrity": "sha512-8NpHkm7R8EY0jHGHOXdK7K0wjWY34PJ+PJY++2VDHTAtXGazNm28zcnVE/4IU0N26YGdCDSSWat3OO3W6nwoRw==",
      "cpu": [
        "arm64"
      ],
      "license": "MPL 2.0",
      "optional": true,
      "os": [
        "win32"
      ]
    },
    "node_modules/@node-datachannel/win32-x64-msvc": {
      "version": "0.33.2",
      "resolved": "https://registry.npmjs.org/@node-datachannel/win32-x64-msvc/-/win32-x64-msvc-0.33.2.tgz",
      "integrity": "sha512-aLk0O/M1JNVpzxx4RVBXMJTMlpswE04Cz5baayKwuEN+qk9hO6DSJgYMR6Wq9a5zGYAmvLFlOg+LsePyXkWliA==",
      "cpu": [
        "x64"
      ],
      "license": "MPL 2.0",
      "optional": true,
      "os": [
        "win32"
      ]
    },
    "node_modules/detect-libc": {
      "version": "2.1.2",
      "resolved": "https://registry.npmjs.org/detect-libc/-/detect-libc-2.1.2.tgz",
      "integrity": "sha512-Btj2BOOO83o3WyH59e8MgXsxEQVcarkUOpEYrubB0urwnN10yQ364rsiByU11nZlqWYZm05i/of7io4mzihBtQ==",
      "license": "Apache-2.0",
      "engines": {
        "node": ">=8"
      }
    },
    "node_modules/node-datachannel": {
      "version": "0.33.2",
      "resolved": "https://registry.npmjs.org/node-datachannel/-/node-datachannel-0.33.2.tgz",
      "integrity": "sha512-WRL+uqYG2eSvpnKuCOKueaMiyKlDjkJFd6pFH/f2SbD/EiXLMXwmYNU5z+TDQPrAv+BMgkuC40UESeRRL+4zBw==",
      "license": "MPL 2.0",
      "dependencies": {
        "detect-libc": "^2.0.4"
      },
      "engines": {
        "node": ">=18.20.0"
      },
      "optionalDependencies": {
        "@node-datachannel/android-arm64": "0.33.2",
        "@node-datachannel/darwin-arm64": "0.33.2",
        "@node-datachannel/darwin-x64": "0.33.2",
        "@node-datachannel/linux-arm64-gnu": "0.33.2",
        "@node-datachannel/linux-arm64-musl": "0.33.2",
        "@node-datachannel/linux-x64-gnu": "0.33.2",
        "@node-datachannel/linux-x64-musl": "0.33.2",
        "@node-datachannel/win32-arm64-msvc": "0.33.2",
        "@node-datachannel/win32-x64-msvc": "0.33.2"
      }
    }
  }
}
